
Microsoft Visual Studio Solution File, Format Version 12.00
# Visual Studio Version 16
VisualStudioVersion = 16.0.31729.503
MinimumVisualStudioVersion = 10.0.40219.1
Project("{FAE04EC0-301F-11D3-BF4B-00C04F79EFBC}") = "Client", "Client\Client.csproj", "{DF2AE65C-6AB1-4A73-80F4-48B962D34277}"
EndProject
Project("{FAE04EC0-301F-11D3-BF4B-00C04F79EFBC}") = "Server", "Server\Server.csproj", "{1630F5E6-3079-4E04-A3EC-B2ED08EA02BB}"
EndProject
Project("{FAE04EC0-301F-11D3-BF4B-00C04F79EFBC}") = "Shared", "Shared\Shared.csproj", "{FC0E30AB-F422-4918-B4B8-72158D088025}"
EndProject
Global
	GlobalSection(SolutionConfigurationPlatforms) = preSolution
		Debug|Any CPU = Debug|Any CPU
		Release|Any CPU = Release|Any CPU
	EndGlobalSection
	GlobalSection(ProjectConfigurationPlatforms) = postSolution
		{DF2AE65C-6AB1-4A73-80F4-48B962D34277}.Debug|Any CPU.ActiveCfg = Debug|Any CPU
		{DF2AE65C-6AB1-4A73-80F4-48B962D34277}.Debug|Any CPU.Build.0 = Debug|Any CPU
		{DF2AE65C-6AB1-4A73-80F4-48B962D34277}.Release|Any CPU.ActiveCfg = Release|Any CPU
		{DF2AE65C-6AB1-4A73-80F4-48B962D34277}.Release|Any CPU.Build.0 = Release|Any CPU
		{1630F5E6-3079-4E04-A3EC-B2ED08EA02BB}.Debug|Any CPU.ActiveCfg = Debug|Any CPU
		{1630F5E6-3079-4E04-A3EC-B2ED08EA02BB}.Debug|Any CPU.Build.0 = Debug|Any CPU
		{1630F5E6-3079-4E04-A3EC-B2ED08EA02BB}.Release|Any CPU.ActiveCfg = Release|Any CPU
		{1630F5E6-3079-4E04-A3EC-B2ED08EA02BB}.Release|Any CPU.Build.0 = Release|Any CPU
		{FC0E30AB-F422-4918-B4B8-72158D088025}.Debug|Any CPU.ActiveCfg = Debug|Any CPU
		{FC0E30AB-F422-4918-B4B8-72158D088025}.Debug|Any CPU.Build.0 = Debug|Any CPU
		{FC0E30AB-F422-4918-B4B8-72158D088025}.Release|Any CPU.ActiveCfg = Release|Any CPU
		{FC0E30AB-F422-4918-B4B8-72158D088025}.Release|Any CPU.Build.0 = Release|Any CPU
	EndGlobalSection
	GlobalSection(SolutionProperties) = preSolution
		HideSolutionNode = FALSE
	EndGlobalSection
	GlobalSection(ExtensibilityGlobals) = postSolution
		SolutionGuid = {74F4D6AF-0FA7-4CA0-AA6D-2AF7D896CF83}
	EndGlobalSection
EndGlobal
